
Microsoft Visual Studio Solution File, Format Version 12.00
# Visual Studio Version 17
VisualStudioVersion = 17.2.32505.173
MinimumVisualStudioVersion = 10.0.40219.1
Project("{9A19103F-16F7-4668-BE54-9A1E7A4F7556}") = "DesktopAutomation.Core", "DesktopAutomation\DesktopAutomation.Core.csproj", "{24C7D10C-1661-4964-B394-8C7C2F3C7009}"
EndProject
Project("{9A19103F-16F7-4668-BE54-9A1E7A4F7556}") = "DesktopAutomation.Template.NUnit", "DesktopAutomation.Tests\DesktopAutomation.Template.NUnit.csproj", "{B73C5B83-D8D2-42BC-BCA2-BE105AE8E442}"
EndProject
Project("{FAE04EC0-301F-11D3-BF4B-00C04F79EFBC}") = "DesktopAutomation.Template.SpecFlow", "DesktopAutomation.Template.SpecFlow\DesktopAutomation.Template.SpecFlow.csproj", "{3BA33FEE-C214-440E-9000-1EE4511E7E5E}"
EndProject
Global
	GlobalSection(SolutionConfigurationPlatforms) = preSolution
		Debug|Any CPU = Debug|Any CPU
		Release|Any CPU = Release|Any CPU
	EndGlobalSection
	GlobalSection(ProjectConfigurationPlatforms) = postSolution
		{24C7D10C-1661-4964-B394-8C7C2F3C7009}.Debug|Any CPU.ActiveCfg = Debug|Any CPU
		{24C7D10C-1661-4964-B394-8C7C2F3C7009}.Debug|Any CPU.Build.0 = Debug|Any CPU
		{24C7D10C-1661-4964-B394-8C7C2F3C7009}.Release|Any CPU.ActiveCfg = Release|Any CPU
		{24C7D10C-1661-4964-B394-8C7C2F3C7009}.Release|Any CPU.Build.0 = Release|Any CPU
		{B73C5B83-D8D2-42BC-BCA2-BE105AE8E442}.Debug|Any CPU.ActiveCfg = Debug|Any CPU
		{B73C5B83-D8D2-42BC-BCA2-BE105AE8E442}.Debug|Any CPU.Build.0 = Debug|Any CPU
		{B73C5B83-D8D2-42BC-BCA2-BE105AE8E442}.Release|Any CPU.ActiveCfg = Release|Any CPU
		{B73C5B83-D8D2-42BC-BCA2-BE105AE8E442}.Release|Any CPU.Build.0 = Release|Any CPU
		{3BA33FEE-C214-440E-9000-1EE4511E7E5E}.Debug|Any CPU.ActiveCfg = Debug|Any CPU
		{3BA33FEE-C214-440E-9000-1EE4511E7E5E}.Debug|Any CPU.Build.0 = Debug|Any CPU
		{3BA33FEE-C214-440E-9000-1EE4511E7E5E}.Release|Any CPU.ActiveCfg = Release|Any CPU
		{3BA33FEE-C214-440E-9000-1EE4511E7E5E}.Release|Any CPU.Build.0 = Release|Any CPU
	EndGlobalSection
	GlobalSection(SolutionProperties) = preSolution
		HideSolutionNode = FALSE
	EndGlobalSection
	GlobalSection(ExtensibilityGlobals) = postSolution
		SolutionGuid = {2A5D7983-A3C8-41D2-A9FD-12F915878DD1}
	EndGlobalSection
EndGlobal
